// !$*UTF8*$!
{
	archiveVersion = 1;
	classes = {
	};
	objectVersion = 56;
	objects = {

/* Begin PBXBuildFile section */
		A0143BCA2948F2A300704629 /* AppDelegate.swift in Sources */ = {isa = PBXBuildFile; fileRef = A0143BC92948F2A300704629 /* AppDelegate.swift */; };
		A0143BCC2948F2A300704629 /* SceneDelegate.swift in Sources */ = {isa = PBXBuildFile; fileRef = A0143BCB2948F2A300704629 /* SceneDelegate.swift */; };
		A0143BCE2948F2A300704629 /* HomeViewController.swift in Sources */ = {isa = PBXBuildFile; fileRef = A0143BCD2948F2A300704629 /* HomeViewController.swift */; };
		A0143BD32948F2A900704629 /* Assets.xcassets in Resources */ = {isa = PBXBuildFile; fileRef = A0143BD22948F2A900704629 /* Assets.xcassets */; };
		A0143BD62948F2A900704629 /* LaunchScreen.storyboard in Resources */ = {isa = PBXBuildFile; fileRef = A0143BD42948F2A900704629 /* LaunchScreen.storyboard */; };
		A0D68332294C351000400C0B /* Extensions.swift in Sources */ = {isa = PBXBuildFile; fileRef = A0D68331294C351000400C0B /* Extensions.swift */; };
		A0D68334294CBF1D00400C0B /* AuthResponse.swift in Sources */ = {isa = PBXBuildFile; fileRef = A0D68333294CBF1D00400C0B /* AuthResponse.swift */; };
		A0F2262D294A215700E6D0C6 /* AuthViewController.swift in Sources */ = {isa = PBXBuildFile; fileRef = A0F2262C294A215700E6D0C6 /* AuthViewController.swift */; };
		A0F2262F294A217900E6D0C6 /* WelcomeViewController.swift in Sources */ = {isa = PBXBuildFile; fileRef = A0F2262E294A217900E6D0C6 /* WelcomeViewController.swift */; };
		A0F22631294A218600E6D0C6 /* SettingsViewController.swift in Sources */ = {isa = PBXBuildFile; fileRef = A0F22630294A218600E6D0C6 /* SettingsViewController.swift */; };
		A0F22633294A219400E6D0C6 /* ProfileViewController.swift in Sources */ = {isa = PBXBuildFile; fileRef = A0F22632294A219400E6D0C6 /* ProfileViewController.swift */; };
		A0F22635294A21A500E6D0C6 /* PlayerViewController.swift in Sources */ = {isa = PBXBuildFile; fileRef = A0F22634294A21A500E6D0C6 /* PlayerViewController.swift */; };
		A0F22637294A21B200E6D0C6 /* PlaylistViewController.swift in Sources */ = {isa = PBXBuildFile; fileRef = A0F22636294A21B200E6D0C6 /* PlaylistViewController.swift */; };
		A0F22639294A21BF00E6D0C6 /* SearchResultsViewController.swift in Sources */ = {isa = PBXBuildFile; fileRef = A0F22638294A21BF00E6D0C6 /* SearchResultsViewController.swift */; };
		A0F2263B294A222C00E6D0C6 /* AuthManager.swift in Sources */ = {isa = PBXBuildFile; fileRef = A0F2263A294A222C00E6D0C6 /* AuthManager.swift */; };
		A0F2263D294A224100E6D0C6 /* APICaller.swift in Sources */ = {isa = PBXBuildFile; fileRef = A0F2263C294A224100E6D0C6 /* APICaller.swift */; };
		A0F2263F294A224E00E6D0C6 /* HapticsManager.swift in Sources */ = {isa = PBXBuildFile; fileRef = A0F2263E294A224E00E6D0C6 /* HapticsManager.swift */; };
		A0F22641294A229900E6D0C6 /* Playlist.swift in Sources */ = {isa = PBXBuildFile; fileRef = A0F22640294A229900E6D0C6 /* Playlist.swift */; };
		A0F22643294A22AD00E6D0C6 /* AudioTrack.swift in Sources */ = {isa = PBXBuildFile; fileRef = A0F22642294A22AD00E6D0C6 /* AudioTrack.swift */; };
		A0F22645294A22D900E6D0C6 /* Artist.swift in Sources */ = {isa = PBXBuildFile; fileRef = A0F22644294A22D900E6D0C6 /* Artist.swift */; };
		A0F22647294A22EA00E6D0C6 /* UserProfile.swift in Sources */ = {isa = PBXBuildFile; fileRef = A0F22646294A22EA00E6D0C6 /* UserProfile.swift */; };
		A0F6A1012949B1550063CFCE /* TabBarViewController.swift in Sources */ = {isa = PBXBuildFile; fileRef = A0F6A1002949B1550063CFCE /* TabBarViewController.swift */; };
		A0F6A1032949B16D0063CFCE /* SearchViewController.swift in Sources */ = {isa = PBXBuildFile; fileRef = A0F6A1022949B16D0063CFCE /* SearchViewController.swift */; };
		A0F6A1052949B1910063CFCE /* LibraryViewController.swift in Sources */ = {isa = PBXBuildFile; fileRef = A0F6A1042949B1900063CFCE /* LibraryViewController.swift */; };
/* End PBXBuildFile section */

/* Begin PBXFileReference section */
		A0143BC62948F2A300704629 /* Spotify.app */ = {isa = PBXFileReference; explicitFileType = wrapper.application; includeInIndex = 0; path = Spotify.app; sourceTree = BUILT_PRODUCTS_DIR; };
		A0143BC92948F2A300704629 /* AppDelegate.swift */ = {isa = PBXFileReference; lastKnownFileType = sourcecode.swift; path = AppDelegate.swift; sourceTree = "<group>"; };
		A0143BCB2948F2A300704629 /* SceneDelegate.swift */ = {isa = PBXFileReference; lastKnownFileType = sourcecode.swift; path = SceneDelegate.swift; sourceTree = "<group>"; };
		A0143BCD2948F2A300704629 /* HomeViewController.swift */ = {isa = PBXFileReference; lastKnownFileType = sourcecode.swift; path = HomeViewController.swift; sourceTree = "<group>"; };
		A0143BD22948F2A900704629 /* Assets.xcassets */ = {isa = PBXFileReference; lastKnownFileType = folder.assetcatalog; path = Assets.xcassets; sourceTree = "<group>"; };
		A0143BD52948F2A900704629 /* Base */ = {isa = PBXFileReference; lastKnownFileType = file.storyboard; name = Base; path = Base.lproj/LaunchScreen.storyboard; sourceTree = "<group>"; };
		A0143BD72948F2A900704629 /* Info.plist */ = {isa = PBXFileReference; lastKnownFileType = text.plist.xml; path = Info.plist; sourceTree = "<group>"; };
		A0D68331294C351000400C0B /* Extensions.swift */ = {isa = PBXFileReference; lastKnownFileType = sourcecode.swift; path = Extensions.swift; sourceTree = "<group>"; };
		A0D68333294CBF1D00400C0B /* AuthResponse.swift */ = {isa = PBXFileReference; lastKnownFileType = sourcecode.swift; path = AuthResponse.swift; sourceTree = "<group>"; };
		A0F2262C294A215700E6D0C6 /* AuthViewController.swift */ = {isa = PBXFileReference; lastKnownFileType = sourcecode.swift; path = AuthViewController.swift; sourceTree = "<group>"; };
		A0F2262E294A217900E6D0C6 /* WelcomeViewController.swift */ = {isa = PBXFileReference; lastKnownFileType = sourcecode.swift; path = WelcomeViewController.swift; sourceTree = "<group>"; };
		A0F22630294A218600E6D0C6 /* SettingsViewController.swift */ = {isa = PBXFileReference; lastKnownFileType = sourcecode.swift; path = SettingsViewController.swift; sourceTree = "<group>"; };
		A0F22632294A219400E6D0C6 /* ProfileViewController.swift */ = {isa = PBXFileReference; lastKnownFileType = sourcecode.swift; path = ProfileViewController.swift; sourceTree = "<group>"; };
		A0F22634294A21A500E6D0C6 /* PlayerViewController.swift */ = {isa = PBXFileReference; lastKnownFileType = sourcecode.swift; path = PlayerViewController.swift; sourceTree = "<group>"; };
		A0F22636294A21B200E6D0C6 /* PlaylistViewController.swift */ = {isa = PBXFileReference; lastKnownFileType = sourcecode.swift; path = PlaylistViewController.swift; sourceTree = "<group>"; };
		A0F22638294A21BF00E6D0C6 /* SearchResultsViewController.swift */ = {isa = PBXFileReference; lastKnownFileType = sourcecode.swift; path = SearchResultsViewController.swift; sourceTree = "<group>"; };
		A0F2263A294A222C00E6D0C6 /* AuthManager.swift */ = {isa = PBXFileReference; lastKnownFileType = sourcecode.swift; path = AuthManager.swift; sourceTree = "<group>"; };
		A0F2263C294A224100E6D0C6 /* APICaller.swift */ = {isa = PBXFileReference; lastKnownFileType = sourcecode.swift; path = APICaller.swift; sourceTree = "<group>"; };
		A0F2263E294A224E00E6D0C6 /* HapticsManager.swift */ = {isa = PBXFileReference; lastKnownFileType = sourcecode.swift; path = HapticsManager.swift; sourceTree = "<group>"; };
		A0F22640294A229900E6D0C6 /* Playlist.swift */ = {isa = PBXFileReference; lastKnownFileType = sourcecode.swift; path = Playlist.swift; sourceTree = "<group>"; };
		A0F22642294A22AD00E6D0C6 /* AudioTrack.swift */ = {isa = PBXFileReference; lastKnownFileType = sourcecode.swift; path = AudioTrack.swift; sourceTree = "<group>"; };
		A0F22644294A22D900E6D0C6 /* Artist.swift */ = {isa = PBXFileReference; lastKnownFileType = sourcecode.swift; path = Artist.swift; sourceTree = "<group>"; };
		A0F22646294A22EA00E6D0C6 /* UserProfile.swift */ = {isa = PBXFileReference; lastKnownFileType = sourcecode.swift; path = UserProfile.swift; sourceTree = "<group>"; };
		A0F6A1002949B1550063CFCE /* TabBarViewController.swift */ = {isa = PBXFileReference; lastKnownFileType = sourcecode.swift; path = TabBarViewController.swift; sourceTree = "<group>"; };
		A0F6A1022949B16D0063CFCE /* SearchViewController.swift */ = {isa = PBXFileReference; lastKnownFileType = sourcecode.swift; path = SearchViewController.swift; sourceTree = "<group>"; };
		A0F6A1042949B1900063CFCE /* LibraryViewController.swift */ = {isa = PBXFileReference; lastKnownFileType = sourcecode.swift; path = LibraryViewController.swift; sourceTree = "<group>"; };
/* End PBXFileReference section */

/* Begin PBXFrameworksBuildPhase section */
		A0143BC32948F2A300704629 /* Frameworks */ = {
			isa = PBXFrameworksBuildPhase;
			buildActionMask = 2147483647;
			files = (
			);
			runOnlyForDeploymentPostprocessing = 0;
		};
/* End PBXFrameworksBuildPhase section */

/* Begin PBXGroup section */
		A0143BBD2948F2A300704629 = {
			isa = PBXGroup;
			children = (
				A0143BC82948F2A300704629 /* Spotify */,
				A0143BC72948F2A300704629 /* Products */,
			);
			sourceTree = "<group>";
		};
		A0143BC72948F2A300704629 /* Products */ = {
			isa = PBXGroup;
			children = (
				A0143BC62948F2A300704629 /* Spotify.app */,
			);
			name = Products;
			sourceTree = "<group>";
		};
		A0143BC82948F2A300704629 /* Spotify */ = {
			isa = PBXGroup;
			children = (
				A0143BE22948F46600704629 /* Resources */,
				A0143BE12948F45800704629 /* Managers */,
				A0143BE02948F44A00704629 /* ViewModels */,
				A0143BDF2948F43E00704629 /* Models */,
				A0143BDE2948F43600704629 /* Views */,
				A0143BDD2948F41D00704629 /* Controllers */,
				A0143BD72948F2A900704629 /* Info.plist */,
			);
			path = Spotify;
			sourceTree = "<group>";
		};
		A0143BDD2948F41D00704629 /* Controllers */ = {
			isa = PBXGroup;
			children = (
				A0F2262B294A213600E6D0C6 /* Other */,
				A0F6A0FF2949B0EE0063CFCE /* Core */,
			);
			path = Controllers;
			sourceTree = "<group>";
		};
		A0143BDE2948F43600704629 /* Views */ = {
			isa = PBXGroup;
			children = (
				A0143BD42948F2A900704629 /* LaunchScreen.storyboard */,
			);
			path = Views;
			sourceTree = "<group>";
		};
		A0143BDF2948F43E00704629 /* Models */ = {
			isa = PBXGroup;
			children = (
				A0F22640294A229900E6D0C6 /* Playlist.swift */,
				A0F22642294A22AD00E6D0C6 /* AudioTrack.swift */,
				A0F22644294A22D900E6D0C6 /* Artist.swift */,
				A0F22646294A22EA00E6D0C6 /* UserProfile.swift */,
				A0D68333294CBF1D00400C0B /* AuthResponse.swift */,
			);
			path = Models;
			sourceTree = "<group>";
		};
		A0143BE02948F44A00704629 /* ViewModels */ = {
			isa = PBXGroup;
			children = (
			);
			path = ViewModels;
			sourceTree = "<group>";
		};
		A0143BE12948F45800704629 /* Managers */ = {
			isa = PBXGroup;
			children = (
				A0F2263A294A222C00E6D0C6 /* AuthManager.swift */,
				A0F2263C294A224100E6D0C6 /* APICaller.swift */,
				A0F2263E294A224E00E6D0C6 /* HapticsManager.swift */,
			);
			path = Managers;
			sourceTree = "<group>";
		};
		A0143BE22948F46600704629 /* Resources */ = {
			isa = PBXGroup;
			children = (
				A0143BC92948F2A300704629 /* AppDelegate.swift */,
				A0143BCB2948F2A300704629 /* SceneDelegate.swift */,
				A0143BD22948F2A900704629 /* Assets.xcassets */,
				A0D68331294C351000400C0B /* Extensions.swift */,
			);
			path = Resources;
			sourceTree = "<group>";
		};
		A0F2262B294A213600E6D0C6 /* Other */ = {
			isa = PBXGroup;
			children = (
				A0F2262C294A215700E6D0C6 /* AuthViewController.swift */,
				A0F2262E294A217900E6D0C6 /* WelcomeViewController.swift */,
				A0F22630294A218600E6D0C6 /* SettingsViewController.swift */,
				A0F22632294A219400E6D0C6 /* ProfileViewController.swift */,
				A0F22634294A21A500E6D0C6 /* PlayerViewController.swift */,
				A0F22636294A21B200E6D0C6 /* PlaylistViewController.swift */,
				A0F22638294A21BF00E6D0C6 /* SearchResultsViewController.swift */,
			);
			path = Other;
			sourceTree = "<group>";
		};
		A0F6A0FF2949B0EE0063CFCE /* Core */ = {
			isa = PBXGroup;
			children = (
				A0143BCD2948F2A300704629 /* HomeViewController.swift */,
				A0F6A1002949B1550063CFCE /* TabBarViewController.swift */,
				A0F6A1022949B16D0063CFCE /* SearchViewController.swift */,
				A0F6A1042949B1900063CFCE /* LibraryViewController.swift */,
			);
			path = Core;
			sourceTree = "<group>";
		};
/* End PBXGroup section */

/* Begin PBXNativeTarget section */
		A0143BC52948F2A300704629 /* Spotify */ = {
			isa = PBXNativeTarget;
			buildConfigurationList = A0143BDA2948F2A900704629 /* Build configuration list for PBXNativeTarget "Spotify" */;
			buildPhases = (
				A0143BC22948F2A300704629 /* Sources */,
				A0143BC32948F2A300704629 /* Frameworks */,
				A0143BC42948F2A300704629 /* Resources */,
			);
			buildRules = (
			);
			dependencies = (
			);
			name = Spotify;
			productName = Spotify;
			productReference = A0143BC62948F2A300704629 /* Spotify.app */;
			productType = "com.apple.product-type.application";
		};
/* End PBXNativeTarget section */

/* Begin PBXProject section */
		A0143BBE2948F2A300704629 /* Project object */ = {
			isa = PBXProject;
			attributes = {
				BuildIndependentTargetsInParallel = 1;
				LastSwiftUpdateCheck = 1400;
				LastUpgradeCheck = 1400;
				TargetAttributes = {
					A0143BC52948F2A300704629 = {
						CreatedOnToolsVersion = 14.0.1;
					};
				};
			};
			buildConfigurationList = A0143BC12948F2A300704629 /* Build configuration list for PBXProject "Spotify" */;
			compatibilityVersion = "Xcode 14.0";
			developmentRegion = en;
			hasScannedForEncodings = 0;
			knownRegions = (
				en,
				Base,
			);
			mainGroup = A0143BBD2948F2A300704629;
			productRefGroup = A0143BC72948F2A300704629 /* Products */;
			projectDirPath = "";
			projectRoot = "";
			targets = (
				A0143BC52948F2A300704629 /* Spotify */,
			);
		};
/* End PBXProject section */

/* Begin PBXResourcesBuildPhase section */
		A0143BC42948F2A300704629 /* Resources */ = {
			isa = PBXResourcesBuildPhase;
			buildActionMask = 2147483647;
			files = (
				A0143BD62948F2A900704629 /* LaunchScreen.storyboard in Resources */,
				A0143BD32948F2A900704629 /* Assets.xcassets in Resources */,
			);
			runOnlyForDeploymentPostprocessing = 0;
		};
/* End PBXResourcesBuildPhase section */

/* Begin PBXSourcesBuildPhase section */
		A0143BC22948F2A300704629 /* Sources */ = {
			isa = PBXSourcesBuildPhase;
			buildActionMask = 2147483647;
			files = (
				A0F6A1032949B16D0063CFCE /* SearchViewController.swift in Sources */,
				A0F22641294A229900E6D0C6 /* Playlist.swift in Sources */,
				A0F22639294A21BF00E6D0C6 /* SearchResultsViewController.swift in Sources */,
				A0F2262F294A217900E6D0C6 /* WelcomeViewController.swift in Sources */,
				A0F22633294A219400E6D0C6 /* ProfileViewController.swift in Sources */,
				A0F6A1012949B1550063CFCE /* TabBarViewController.swift in Sources */,
				A0143BCE2948F2A300704629 /* HomeViewController.swift in Sources */,
				A0F2263F294A224E00E6D0C6 /* HapticsManager.swift in Sources */,
				A0D68334294CBF1D00400C0B /* AuthResponse.swift in Sources */,
				A0F22643294A22AD00E6D0C6 /* AudioTrack.swift in Sources */,
				A0F2262D294A215700E6D0C6 /* AuthViewController.swift in Sources */,
				A0143BCA2948F2A300704629 /* AppDelegate.swift in Sources */,
				A0F6A1052949B1910063CFCE /* LibraryViewController.swift in Sources */,
				A0F22647294A22EA00E6D0C6 /* UserProfile.swift in Sources */,
				A0D68332294C351000400C0B /* Extensions.swift in Sources */,
				A0F22637294A21B200E6D0C6 /* PlaylistViewController.swift in Sources */,
				A0F22645294A22D900E6D0C6 /* Artist.swift in Sources */,
				A0143BCC2948F2A300704629 /* SceneDelegate.swift in Sources */,
				A0F2263B294A222C00E6D0C6 /* AuthManager.swift in Sources */,
				A0F22635294A21A500E6D0C6 /* PlayerViewController.swift in Sources */,
				A0F2263D294A224100E6D0C6 /* APICaller.swift in Sources */,
				A0F22631294A218600E6D0C6 /* SettingsViewController.swift in Sources */,
			);
			runOnlyForDeploymentPostprocessing = 0;
		};
/* End PBXSourcesBuildPhase section */

/* Begin PBXVariantGroup section */
		A0143BD42948F2A900704629 /* LaunchScreen.storyboard */ = {
			isa = PBXVariantGroup;
			children = (
				A0143BD52948F2A900704629 /* Base */,
			);
			name = LaunchScreen.storyboard;
			sourceTree = "<group>";
		};
/* End PBXVariantGroup section */

/* Begin XCBuildConfiguration section */
		A0143BD82948F2A900704629 /* Debug */ = {
			isa = XCBuildConfiguration;
			buildSettings = {
				ALWAYS_SEARCH_USER_PATHS = NO;
				CLANG_ANALYZER_NONNULL = YES;
				CLANG_ANALYZER_NUMBER_OBJECT_CONVERSION = YES_AGGRESSIVE;
				CLANG_CXX_LANGUAGE_STANDARD = "gnu++20";
				CLANG_ENABLE_MODULES = YES;
				CLANG_ENABLE_OBJC_ARC = YES;
				CLANG_ENABLE_OBJC_WEAK = YES;
				CLANG_WARN_BLOCK_CAPTURE_AUTORELEASING = YES;
				CLANG_WARN_BOOL_CONVERSION = YES;
				CLANG_WARN_COMMA = YES;
				CLANG_WARN_CONSTANT_CONVERSION = YES;
				CLANG_WARN_DEPRECATED_OBJC_IMPLEMENTATIONS = YES;
				CLANG_WARN_DIRECT_OBJC_ISA_USAGE = YES_ERROR;
				CLANG_WARN_DOCUMENTATION_COMMENTS = YES;
				CLANG_WARN_EMPTY_BODY = YES;
				CLANG_WARN_ENUM_CONVERSION = YES;
				CLANG_WARN_INFINITE_RECURSION = YES;
				CLANG_WARN_INT_CONVERSION = YES;
				CLANG_WARN_NON_LITERAL_NULL_CONVERSION = YES;
				CLANG_WARN_OBJC_IMPLICIT_RETAIN_SELF = YES;
				CLANG_WARN_OBJC_LITERAL_CONVERSION = YES;
				CLANG_WARN_OBJC_ROOT_CLASS = YES_ERROR;
				CLANG_WARN_QUOTED_INCLUDE_IN_FRAMEWORK_HEADER = YES;
				CLANG_WARN_RANGE_LOOP_ANALYSIS = YES;
				CLANG_WARN_STRICT_PROTOTYPES = YES;
				CLANG_WARN_SUSPICIOUS_MOVE = YES;
				CLANG_WARN_UNGUARDED_AVAILABILITY = YES_AGGRESSIVE;
				CLANG_WARN_UNREACHABLE_CODE = YES;
				CLANG_WARN__DUPLICATE_METHOD_MATCH = YES;
				COPY_PHASE_STRIP = NO;
				DEBUG_INFORMATION_FORMAT = dwarf;
				ENABLE_STRICT_OBJC_MSGSEND = YES;
				ENABLE_TESTABILITY = YES;
				GCC_C_LANGUAGE_STANDARD = gnu11;
				GCC_DYNAMIC_NO_PIC = NO;
				GCC_NO_COMMON_BLOCKS = YES;
				GCC_OPTIMIZATION_LEVEL = 0;
				GCC_PREPROCESSOR_DEFINITIONS = (
					"DEBUG=1",
					"$(inherited)",
				);
				GCC_WARN_64_TO_32_BIT_CONVERSION = YES;
				GCC_WARN_ABOUT_RETURN_TYPE = YES_ERROR;
				GCC_WARN_UNDECLARED_SELECTOR = YES;
				GCC_WARN_UNINITIALIZED_AUTOS = YES_AGGRESSIVE;
				GCC_WARN_UNUSED_FUNCTION = YES;
				GCC_WARN_UNUSED_VARIABLE = YES;
				IPHONEOS_DEPLOYMENT_TARGET = 16.0;
				MTL_ENABLE_DEBUG_INFO = INCLUDE_SOURCE;
				MTL_FAST_MATH = YES;
				ONLY_ACTIVE_ARCH = YES;
				SDKROOT = iphoneos;
				SWIFT_ACTIVE_COMPILATION_CONDITIONS = DEBUG;
				SWIFT_OPTIMIZATION_LEVEL = "-Onone";
			};
			name = Debug;
		};
		A0143BD92948F2A900704629 /* Release */ = {
			isa = XCBuildConfiguration;
			buildSettings = {
				ALWAYS_SEARCH_USER_PATHS = NO;
				CLANG_ANALYZER_NONNULL = YES;
				CLANG_ANALYZER_NUMBER_OBJECT_CONVERSION = YES_AGGRESSIVE;
				CLANG_CXX_LANGUAGE_STANDARD = "gnu++20";
				CLANG_ENABLE_MODULES = YES;
				CLANG_ENABLE_OBJC_ARC = YES;
				CLANG_ENABLE_OBJC_WEAK = YES;
				CLANG_WARN_BLOCK_CAPTURE_AUTORELEASING = YES;
				CLANG_WARN_BOOL_CONVERSION = YES;
				CLANG_WARN_COMMA = YES;
				CLANG_WARN_CONSTANT_CONVERSION = YES;
				CLANG_WARN_DEPRECATED_OBJC_IMPLEMENTATIONS = YES;
				CLANG_WARN_DIRECT_OBJC_ISA_USAGE = YES_ERROR;
				CLANG_WARN_DOCUMENTATION_COMMENTS = YES;
				CLANG_WARN_EMPTY_BODY = YES;
				CLANG_WARN_ENUM_CONVERSION = YES;
				CLANG_WARN_INFINITE_RECURSION = YES;
				CLANG_WARN_INT_CONVERSION = YES;
				CLANG_WARN_NON_LITERAL_NULL_CONVERSION = YES;
				CLANG_WARN_OBJC_IMPLICIT_RETAIN_SELF = YES;
				CLANG_WARN_OBJC_LITERAL_CONVERSION = YES;
				CLANG_WARN_OBJC_ROOT_CLASS = YES_ERROR;
				CLANG_WARN_QUOTED_INCLUDE_IN_FRAMEWORK_HEADER = YES;
				CLANG_WARN_RANGE_LOOP_ANALYSIS = YES;
				CLANG_WARN_STRICT_PROTOTYPES = YES;
				CLANG_WARN_SUSPICIOUS_MOVE = YES;
				CLANG_WARN_UNGUARDED_AVAILABILITY = YES_AGGRESSIVE;
				CLANG_WARN_UNREACHABLE_CODE = YES;
				CLANG_WARN__DUPLICATE_METHOD_MATCH = YES;
				COPY_PHASE_STRIP = NO;
				DEBUG_INFORMATION_FORMAT = "dwarf-with-dsym";
				ENABLE_NS_ASSERTIONS = NO;
				ENABLE_STRICT_OBJC_MSGSEND = YES;
				GCC_C_LANGUAGE_STANDARD = gnu11;
				GCC_NO_COMMON_BLOCKS = YES;
				GCC_WARN_64_TO_32_BIT_CONVERSION = YES;
				GCC_WARN_ABOUT_RETURN_TYPE = YES_ERROR;
				GCC_WARN_UNDECLARED_SELECTOR = YES;
				GCC_WARN_UNINITIALIZED_AUTOS = YES_AGGRESSIVE;
				GCC_WARN_UNUSED_FUNCTION = YES;
				GCC_WARN_UNUSED_VARIABLE = YES;
				IPHONEOS_DEPLOYMENT_TARGET = 16.0;
				MTL_ENABLE_DEBUG_INFO = NO;
				MTL_FAST_MATH = YES;
				SDKROOT = iphoneos;
				SWIFT_COMPILATION_MODE = wholemodule;
				SWIFT_OPTIMIZATION_LEVEL = "-O";
				VALIDATE_PRODUCT = YES;
			};
			name = Release;
		};
		A0143BDB2948F2A900704629 /* Debug */ = {
			isa = XCBuildConfiguration;
			buildSettings = {
				ASSETCATALOG_COMPILER_APPICON_NAME = AppIcon;
				ASSETCATALOG_COMPILER_GLOBAL_ACCENT_COLOR_NAME = AccentColor;
				CODE_SIGN_STYLE = Automatic;
				CURRENT_PROJECT_VERSION = 1;
				GENERATE_INFOPLIST_FILE = YES;
				INFOPLIST_FILE = Spotify/Info.plist;
				INFOPLIST_KEY_UIApplicationSupportsIndirectInputEvents = YES;
				INFOPLIST_KEY_UILaunchStoryboardName = LaunchScreen;
				INFOPLIST_KEY_UISupportedInterfaceOrientations_iPad = "UIInterfaceOrientationPortrait UIInterfaceOrientationPortraitUpsideDown UIInterfaceOrientationLandscapeLeft UIInterfaceOrientationLandscapeRight";
				INFOPLIST_KEY_UISupportedInterfaceOrientations_iPhone = "UIInterfaceOrientationPortrait UIInterfaceOrientationLandscapeLeft UIInterfaceOrientationLandscapeRight";
				LD_RUNPATH_SEARCH_PATHS = (
					"$(inherited)",
					"@executable_path/Frameworks",
				);
				MARKETING_VERSION = 1.0;
				PRODUCT_BUNDLE_IDENTIFIER = com.abkubatt.Spotify;
				PRODUCT_NAME = "$(TARGET_NAME)";
				SWIFT_EMIT_LOC_STRINGS = YES;
				SWIFT_VERSION = 5.0;
				TARGETED_DEVICE_FAMILY = "1,2";
			};
			name = Debug;
		};
		A0143BDC2948F2A900704629 /* Release */ = {
			isa = XCBuildConfiguration;
			buildSettings = {
				ASSETCATALOG_COMPILER_APPICON_NAME = AppIcon;
				ASSETCATALOG_COMPILER_GLOBAL_ACCENT_COLOR_NAME = AccentColor;
				CODE_SIGN_STYLE = Automatic;
				CURRENT_PROJECT_VERSION = 1;
				GENERATE_INFOPLIST_FILE = YES;
				INFOPLIST_FILE = Spotify/Info.plist;
				INFOPLIST_KEY_UIApplicationSupportsIndirectInputEvents = YES;
				INFOPLIST_KEY_UILaunchStoryboardName = LaunchScreen;
				INFOPLIST_KEY_UISupportedInterfaceOrientations_iPad = "UIInterfaceOrientationPortrait UIInterfaceOrientationPortraitUpsideDown UIInterfaceOrientationLandscapeLeft UIInterfaceOrientationLandscapeRight";
				INFOPLIST_KEY_UISupportedInterfaceOrientations_iPhone = "UIInterfaceOrientationPortrait UIInterfaceOrientationLandscapeLeft UIInterfaceOrientationLandscapeRight";
				LD_RUNPATH_SEARCH_PATHS = (
					"$(inherited)",
					"@executable_path/Frameworks",
				);
				MARKETING_VERSION = 1.0;
				PRODUCT_BUNDLE_IDENTIFIER = com.abkubatt.Spotify;
				PRODUCT_NAME = "$(TARGET_NAME)";
				SWIFT_EMIT_LOC_STRINGS = YES;
				SWIFT_VERSION = 5.0;
				TARGETED_DEVICE_FAMILY = "1,2";
			};
			name = Release;
		};
/* End XCBuildConfiguration section */

/* Begin XCConfigurationList section */
		A0143BC12948F2A300704629 /* Build configuration list for PBXProject "Spotify" */ = {
			isa = XCConfigurationList;
			buildConfigurations = (
				A0143BD82948F2A900704629 /* Debug */,
				A0143BD92948F2A900704629 /* Release */,
			);
			defaultConfigurationIsVisible = 0;
			defaultConfigurationName = Release;
		};
		A0143BDA2948F2A900704629 /* Build configuration list for PBXNativeTarget "Spotify" */ = {
			isa = XCConfigurationList;
			buildConfigurations = (
				A0143BDB2948F2A900704629 /* Debug */,
				A0143BDC2948F2A900704629 /* Release */,
			);
			defaultConfigurationIsVisible = 0;
			defaultConfigurationName = Release;
		};
/* End XCConfigurationList section */
	};
	rootObject = A0143BBE2948F2A300704629 /* Project object */;
}
